
Microsoft Visual Studio Solution File, Format Version 12.00
# Visual Studio Version 17
VisualStudioVersion = 17.11.35312.102
MinimumVisualStudioVersion = 10.0.40219.1
Project("{FAE04EC0-301F-11D3-BF4B-00C04F79EFBC}") = "azuredevopsapi", "azuredevopsapi\azuredevopsapi.csproj", "{1B7C5505-5DA7-4860-B2E9-F97B43C48D63}"
EndProject
Project("{FAE04EC0-301F-11D3-BF4B-00C04F79EFBC}") = "ApiTests", "ApiTests\ApiTests.csproj", "{B05AF769-7E9D-4AB0-B329-521B74510CEA}"
EndProject
Global
	GlobalSection(SolutionConfigurationPlatforms) = preSolution
		Debug|Any CPU = Debug|Any CPU
		Release|Any CPU = Release|Any CPU
	EndGlobalSection
	GlobalSection(ProjectConfigurationPlatforms) = postSolution
		{1B7C5505-5DA7-4860-B2E9-F97B43C48D63}.Debug|Any CPU.ActiveCfg = Debug|Any CPU
		{1B7C5505-5DA7-4860-B2E9-F97B43C48D63}.Debug|Any CPU.Build.0 = Debug|Any CPU
		{1B7C5505-5DA7-4860-B2E9-F97B43C48D63}.Release|Any CPU.ActiveCfg = Release|Any CPU
		{1B7C5505-5DA7-4860-B2E9-F97B43C48D63}.Release|Any CPU.Build.0 = Release|Any CPU
		{B05AF769-7E9D-4AB0-B329-521B74510CEA}.Debug|Any CPU.ActiveCfg = Debug|Any CPU
		{B05AF769-7E9D-4AB0-B329-521B74510CEA}.Debug|Any CPU.Build.0 = Debug|Any CPU
		{B05AF769-7E9D-4AB0-B329-521B74510CEA}.Release|Any CPU.ActiveCfg = Release|Any CPU
		{B05AF769-7E9D-4AB0-B329-521B74510CEA}.Release|Any CPU.Build.0 = Release|Any CPU
	EndGlobalSection
	GlobalSection(SolutionProperties) = preSolution
		HideSolutionNode = FALSE
	EndGlobalSection
	GlobalSection(ExtensibilityGlobals) = postSolution
		SolutionGuid = {8B19D740-BB61-45F1-94A6-B58A49E2E6CD}
	EndGlobalSection
EndGlobal
